
Microsoft Visual Studio Solution File, Format Version 12.00
# Visual Studio 2012
Project("{262852C6-CD72-467D-83FE-5EEB1973A190}") = "GeolocationExample", "GeolocationExample\GeolocationExample.jsproj", "{BCF27EB5-238B-4E99-BC08-D6921E6AA074}"
EndProject
Global
	GlobalSection(SolutionConfigurationPlatforms) = preSolution
		Debug|ARM = Debug|ARM
		Debug|Any CPU = Debug|Any CPU
		Debug|x64 = Debug|x64
		Debug|x86 = Debug|x86
		Release|ARM = Release|ARM
		Release|Any CPU = Release|Any CPU
		Release|x64 = Release|x64
		Release|x86 = Release|x86
	EndGlobalSection
	GlobalSection(ProjectConfigurationPlatforms) = postSolution
		{BCF27EB5-238B-4E99-BC08-D6921E6AA074}.Debug|ARM.ActiveCfg = Debug|ARM
		{BCF27EB5-238B-4E99-BC08-D6921E6AA074}.Debug|ARM.Build.0 = Debug|ARM
		{BCF27EB5-238B-4E99-BC08-D6921E6AA074}.Debug|ARM.Deploy.0 = Debug|ARM
		{BCF27EB5-238B-4E99-BC08-D6921E6AA074}.Debug|Any CPU.ActiveCfg = Debug|Any CPU
		{BCF27EB5-238B-4E99-BC08-D6921E6AA074}.Debug|Any CPU.Build.0 = Debug|Any CPU
		{BCF27EB5-238B-4E99-BC08-D6921E6AA074}.Debug|Any CPU.Deploy.0 = Debug|Any CPU
		{BCF27EB5-238B-4E99-BC08-D6921E6AA074}.Debug|x64.ActiveCfg = Debug|x64
		{BCF27EB5-238B-4E99-BC08-D6921E6AA074}.Debug|x64.Build.0 = Debug|x64
		{BCF27EB5-238B-4E99-BC08-D6921E6AA074}.Debug|x64.Deploy.0 = Debug|x64
		{BCF27EB5-238B-4E99-BC08-D6921E6AA074}.Debug|x86.ActiveCfg = Debug|x86
		{BCF27EB5-238B-4E99-BC08-D6921E6AA074}.Debug|x86.Build.0 = Debug|x86
		{BCF27EB5-238B-4E99-BC08-D6921E6AA074}.Debug|x86.Deploy.0 = Debug|x86
		{BCF27EB5-238B-4E99-BC08-D6921E6AA074}.Release|ARM.ActiveCfg = Release|ARM
		{BCF27EB5-238B-4E99-BC08-D6921E6AA074}.Release|ARM.Build.0 = Release|ARM
		{BCF27EB5-238B-4E99-BC08-D6921E6AA074}.Release|ARM.Deploy.0 = Release|ARM
		{BCF27EB5-238B-4E99-BC08-D6921E6AA074}.Release|Any CPU.ActiveCfg = Release|Any CPU
		{BCF27EB5-238B-4E99-BC08-D6921E6AA074}.Release|Any CPU.Build.0 = Release|Any CPU
		{BCF27EB5-238B-4E99-BC08-D6921E6AA074}.Release|Any CPU.Deploy.0 = Release|Any CPU
		{BCF27EB5-238B-4E99-BC08-D6921E6AA074}.Release|x64.ActiveCfg = Release|x64
		{BCF27EB5-238B-4E99-BC08-D6921E6AA074}.Release|x64.Build.0 = Release|x64
		{BCF27EB5-238B-4E99-BC08-D6921E6AA074}.Release|x64.Deploy.0 = Release|x64
		{BCF27EB5-238B-4E99-BC08-D6921E6AA074}.Release|x86.ActiveCfg = Release|x86
		{BCF27EB5-238B-4E99-BC08-D6921E6AA074}.Release|x86.Build.0 = Release|x86
		{BCF27EB5-238B-4E99-BC08-D6921E6AA074}.Release|x86.Deploy.0 = Release|x86
	EndGlobalSection
	GlobalSection(SolutionProperties) = preSolution
		HideSolutionNode = FALSE
	EndGlobalSection
EndGlobal
